// !$*UTF8*$!
{
	archiveVersion = 1;
	classes = {
	};
	objectVersion = 77;
	objects = {

/* Begin PBXBuildFile section */
		2F5183392E5914420045EB4A /* Assets.xcassets in Resources */ = {isa = PBXBuildFile; fileRef = 2F5183322E5914420045EB4A /* Assets.xcassets */; };
		2F51833A2E5914420045EB4A /* ContentView.swift in Sources */ = {isa = PBXBuildFile; fileRef = 2F5183332E5914420045EB4A /* ContentView.swift */; };
		2F51833B2E5914420045EB4A /* FieldView.swift in Sources */ = {isa = PBXBuildFile; fileRef = 2F5183342E5914420045EB4A /* FieldView.swift */; };
		2F51833C2E5914420045EB4A /* MineSeekerApp.swift in Sources */ = {isa = PBXBuildFile; fileRef = 2F5183352E5914420045EB4A /* MineSeekerApp.swift */; };
		2F51833D2E5914420045EB4A /* Tile.swift in Sources */ = {isa = PBXBuildFile; fileRef = 2F5183362E5914420045EB4A /* Tile.swift */; };
		2F51833E2E5914420045EB4A /* TileView.swift in Sources */ = {isa = PBXBuildFile; fileRef = 2F5183372E5914420045EB4A /* TileView.swift */; };
		2F5183592E5CB82D0045EB4A /* FieldViewModel.swift in Sources */ = {isa = PBXBuildFile; fileRef = 2F5183582E5CB82D0045EB4A /* FieldViewModel.swift */; };
		2F539E462E6754C4009032A3 /* InstructionsView.swift in Sources */ = {isa = PBXBuildFile; fileRef = 2F539E452E6754C4009032A3 /* InstructionsView.swift */; };
		2F539E482E6758CB009032A3 /* HomeButtonView.swift in Sources */ = {isa = PBXBuildFile; fileRef = 2F539E472E6758CB009032A3 /* HomeButtonView.swift */; };
		2F539E4A2E675A3B009032A3 /* InstructionsButtonView.swift in Sources */ = {isa = PBXBuildFile; fileRef = 2F539E492E675A3B009032A3 /* InstructionsButtonView.swift */; };
		2F539E4E2E676281009032A3 /* Vortex in Frameworks */ = {isa = PBXBuildFile; productRef = 2F539E4D2E676281009032A3 /* Vortex */; };
		2F539E502E6763B2009032A3 /* ExplosionView.swift in Sources */ = {isa = PBXBuildFile; fileRef = 2F539E4F2E6763B2009032A3 /* ExplosionView.swift */; };
		2F8AD67B2E660934000A5BB2 /* CheckButtonView.swift in Sources */ = {isa = PBXBuildFile; fileRef = 2F8AD67A2E660933000A5BB2 /* CheckButtonView.swift */; };
		2F8AD67D2E661359000A5BB2 /* HomeView.swift in Sources */ = {isa = PBXBuildFile; fileRef = 2F8AD67C2E661359000A5BB2 /* HomeView.swift */; };
		2FE0B9FA2E5E8A7F003589ED /* DraggableItemView.swift in Sources */ = {isa = PBXBuildFile; fileRef = 2FE0B9F92E5E8A7F003589ED /* DraggableItemView.swift */; };
		2FE0B9FC2E5E8E9C003589ED /* DropTargetView.swift in Sources */ = {isa = PBXBuildFile; fileRef = 2FE0B9FB2E5E8E9C003589ED /* DropTargetView.swift */; };
		2FE0B9FE2E5F6F61003589ED /* NewGameButton.swift in Sources */ = {isa = PBXBuildFile; fileRef = 2FE0B9FD2E5F6F61003589ED /* NewGameButton.swift */; };
/* End PBXBuildFile section */

/* Begin PBXFileReference section */
		2F5182102E5772070045EB4A /* MineSeeker.app */ = {isa = PBXFileReference; explicitFileType = wrapper.application; includeInIndex = 0; path = MineSeeker.app; sourceTree = BUILT_PRODUCTS_DIR; };
		2F5183322E5914420045EB4A /* Assets.xcassets */ = {isa = PBXFileReference; lastKnownFileType = folder.assetcatalog; path = Assets.xcassets; sourceTree = "<group>"; };
		2F5183332E5914420045EB4A /* ContentView.swift */ = {isa = PBXFileReference; lastKnownFileType = sourcecode.swift; path = ContentView.swift; sourceTree = "<group>"; };
		2F5183342E5914420045EB4A /* FieldView.swift */ = {isa = PBXFileReference; lastKnownFileType = sourcecode.swift; path = FieldView.swift; sourceTree = "<group>"; };
		2F5183352E5914420045EB4A /* MineSeekerApp.swift */ = {isa = PBXFileReference; lastKnownFileType = sourcecode.swift; path = MineSeekerApp.swift; sourceTree = "<group>"; };
		2F5183362E5914420045EB4A /* Tile.swift */ = {isa = PBXFileReference; lastKnownFileType = sourcecode.swift; path = Tile.swift; sourceTree = "<group>"; };
		2F5183372E5914420045EB4A /* TileView.swift */ = {isa = PBXFileReference; lastKnownFileType = sourcecode.swift; path = TileView.swift; sourceTree = "<group>"; };
		2F5183582E5CB82D0045EB4A /* FieldViewModel.swift */ = {isa = PBXFileReference; lastKnownFileType = sourcecode.swift; path = FieldViewModel.swift; sourceTree = "<group>"; };
		2F539E452E6754C4009032A3 /* InstructionsView.swift */ = {isa = PBXFileReference; lastKnownFileType = sourcecode.swift; path = InstructionsView.swift; sourceTree = "<group>"; };
		2F539E472E6758CB009032A3 /* HomeButtonView.swift */ = {isa = PBXFileReference; lastKnownFileType = sourcecode.swift; path = HomeButtonView.swift; sourceTree = "<group>"; };
		2F539E492E675A3B009032A3 /* InstructionsButtonView.swift */ = {isa = PBXFileReference; lastKnownFileType = sourcecode.swift; path = InstructionsButtonView.swift; sourceTree = "<group>"; };
		2F539E4F2E6763B2009032A3 /* ExplosionView.swift */ = {isa = PBXFileReference; lastKnownFileType = sourcecode.swift; path = ExplosionView.swift; sourceTree = "<group>"; };
		2F8AD67A2E660933000A5BB2 /* CheckButtonView.swift */ = {isa = PBXFileReference; lastKnownFileType = sourcecode.swift; path = CheckButtonView.swift; sourceTree = "<group>"; };
		2F8AD67C2E661359000A5BB2 /* HomeView.swift */ = {isa = PBXFileReference; lastKnownFileType = sourcecode.swift; path = HomeView.swift; sourceTree = "<group>"; };
		2FE0B9F92E5E8A7F003589ED /* DraggableItemView.swift */ = {isa = PBXFileReference; lastKnownFileType = sourcecode.swift; path = DraggableItemView.swift; sourceTree = "<group>"; };
		2FE0B9FB2E5E8E9C003589ED /* DropTargetView.swift */ = {isa = PBXFileReference; lastKnownFileType = sourcecode.swift; path = DropTargetView.swift; sourceTree = "<group>"; };
		2FE0B9FD2E5F6F61003589ED /* NewGameButton.swift */ = {isa = PBXFileReference; lastKnownFileType = sourcecode.swift; path = NewGameButton.swift; sourceTree = "<group>"; };
/* End PBXFileReference section */

/* Begin PBXFrameworksBuildPhase section */
		2F51820D2E5772070045EB4A /* Frameworks */ = {
			isa = PBXFrameworksBuildPhase;
			buildActionMask = 2147483647;
			files = (
				2F539E4E2E676281009032A3 /* Vortex in Frameworks */,
			);
			runOnlyForDeploymentPostprocessing = 0;
		};
/* End PBXFrameworksBuildPhase section */

/* Begin PBXGroup section */
		2F5182072E5772070045EB4A = {
			isa = PBXGroup;
			children = (
				2F5183382E5914420045EB4A /* MineSeeker */,
				2F5182112E5772070045EB4A /* Products */,
			);
			sourceTree = "<group>";
		};
		2F5182112E5772070045EB4A /* Products */ = {
			isa = PBXGroup;
			children = (
				2F5182102E5772070045EB4A /* MineSeeker.app */,
			);
			name = Products;
			sourceTree = "<group>";
		};
		2F5183382E5914420045EB4A /* MineSeeker */ = {
			isa = PBXGroup;
			children = (
				2F5183322E5914420045EB4A /* Assets.xcassets */,
				2F5183352E5914420045EB4A /* MineSeekerApp.swift */,
				2F51835A2E5CF8280045EB4A /* Views */,
			);
			path = MineSeeker;
			sourceTree = "<group>";
		};
		2F51835A2E5CF8280045EB4A /* Views */ = {
			isa = PBXGroup;
			children = (
				2F5183332E5914420045EB4A /* ContentView.swift */,
				2F8AD67C2E661359000A5BB2 /* HomeView.swift */,
				2F5183342E5914420045EB4A /* FieldView.swift */,
				2F539E452E6754C4009032A3 /* InstructionsView.swift */,
				2F5183372E5914420045EB4A /* TileView.swift */,
				2FE0B9F92E5E8A7F003589ED /* DraggableItemView.swift */,
				2F539E4F2E6763B2009032A3 /* ExplosionView.swift */,
				2F539E4B2E675A9E009032A3 /* Buttons */,
				2F51835B2E5CF8310045EB4A /* Models */,
				2FE0B9FF2E5F7035003589ED /* Unused */,
			);
			path = Views;
			sourceTree = "<group>";
		};
		2F51835B2E5CF8310045EB4A /* Models */ = {
			isa = PBXGroup;
			children = (
				2F5183362E5914420045EB4A /* Tile.swift */,
				2F5183582E5CB82D0045EB4A /* FieldViewModel.swift */,
			);
			path = Models;
			sourceTree = "<group>";
		};
		2F539E4B2E675A9E009032A3 /* Buttons */ = {
			isa = PBXGroup;
			children = (
				2F539E492E675A3B009032A3 /* InstructionsButtonView.swift */,
				2FE0B9FD2E5F6F61003589ED /* NewGameButton.swift */,
				2F539E472E6758CB009032A3 /* HomeButtonView.swift */,
				2F8AD67A2E660933000A5BB2 /* CheckButtonView.swift */,
			);
			path = Buttons;
			sourceTree = "<group>";
		};
		2FE0B9FF2E5F7035003589ED /* Unused */ = {
			isa = PBXGroup;
			children = (
				2FE0B9FB2E5E8E9C003589ED /* DropTargetView.swift */,
			);
			path = Unused;
			sourceTree = "<group>";
		};
/* End PBXGroup section */

/* Begin PBXNativeTarget section */
		2F51820F2E5772070045EB4A /* MineSeeker */ = {
			isa = PBXNativeTarget;
			buildConfigurationList = 2F51821B2E5772090045EB4A /* Build configuration list for PBXNativeTarget "MineSeeker" */;
			buildPhases = (
				2F51820C2E5772070045EB4A /* Sources */,
				2F51820D2E5772070045EB4A /* Frameworks */,
				2F51820E2E5772070045EB4A /* Resources */,
			);
			buildRules = (
			);
			dependencies = (
			);
			name = MineSeeker;
			packageProductDependencies = (
				2F539E4D2E676281009032A3 /* Vortex */,
			);
			productName = MineSeeker;
			productReference = 2F5182102E5772070045EB4A /* MineSeeker.app */;
			productType = "com.apple.product-type.application";
		};
/* End PBXNativeTarget section */

/* Begin PBXProject section */
		2F5182082E5772070045EB4A /* Project object */ = {
			isa = PBXProject;
			attributes = {
				BuildIndependentTargetsInParallel = 1;
				LastSwiftUpdateCheck = 2600;
				LastUpgradeCheck = 2600;
				TargetAttributes = {
					2F51820F2E5772070045EB4A = {
						CreatedOnToolsVersion = 26.0;
					};
				};
			};
			buildConfigurationList = 2F51820B2E5772070045EB4A /* Build configuration list for PBXProject "MineSeeker" */;
			developmentRegion = en;
			hasScannedForEncodings = 0;
			knownRegions = (
				en,
				Base,
			);
			mainGroup = 2F5182072E5772070045EB4A;
			minimizedProjectReferenceProxies = 1;
			packageReferences = (
				2F539E4C2E676281009032A3 /* XCRemoteSwiftPackageReference "Vortex" */,
			);
			preferredProjectObjectVersion = 77;
			productRefGroup = 2F5182112E5772070045EB4A /* Products */;
			projectDirPath = "";
			projectRoot = "";
			targets = (
				2F51820F2E5772070045EB4A /* MineSeeker */,
			);
		};
/* End PBXProject section */

/* Begin PBXResourcesBuildPhase section */
		2F51820E2E5772070045EB4A /* Resources */ = {
			isa = PBXResourcesBuildPhase;
			buildActionMask = 2147483647;
			files = (
				2F5183392E5914420045EB4A /* Assets.xcassets in Resources */,
			);
			runOnlyForDeploymentPostprocessing = 0;
		};
/* End PBXResourcesBuildPhase section */

/* Begin PBXSourcesBuildPhase section */
		2F51820C2E5772070045EB4A /* Sources */ = {
			isa = PBXSourcesBuildPhase;
			buildActionMask = 2147483647;
			files = (
				2FE0B9FE2E5F6F61003589ED /* NewGameButton.swift in Sources */,
				2F539E462E6754C4009032A3 /* InstructionsView.swift in Sources */,
				2FE0B9FC2E5E8E9C003589ED /* DropTargetView.swift in Sources */,
				2F51833A2E5914420045EB4A /* ContentView.swift in Sources */,
				2F51833B2E5914420045EB4A /* FieldView.swift in Sources */,
				2F51833C2E5914420045EB4A /* MineSeekerApp.swift in Sources */,
				2F539E502E6763B2009032A3 /* ExplosionView.swift in Sources */,
				2F8AD67D2E661359000A5BB2 /* HomeView.swift in Sources */,
				2F51833D2E5914420045EB4A /* Tile.swift in Sources */,
				2F51833E2E5914420045EB4A /* TileView.swift in Sources */,
				2F539E4A2E675A3B009032A3 /* InstructionsButtonView.swift in Sources */,
				2FE0B9FA2E5E8A7F003589ED /* DraggableItemView.swift in Sources */,
				2F5183592E5CB82D0045EB4A /* FieldViewModel.swift in Sources */,
				2F539E482E6758CB009032A3 /* HomeButtonView.swift in Sources */,
				2F8AD67B2E660934000A5BB2 /* CheckButtonView.swift in Sources */,
			);
			runOnlyForDeploymentPostprocessing = 0;
		};
/* End PBXSourcesBuildPhase section */

/* Begin XCBuildConfiguration section */
		2F5182192E5772090045EB4A /* Debug */ = {
			isa = XCBuildConfiguration;
			buildSettings = {
				ALWAYS_SEARCH_USER_PATHS = NO;
				ASSETCATALOG_COMPILER_GENERATE_SWIFT_ASSET_SYMBOL_EXTENSIONS = YES;
				CLANG_ANALYZER_NONNULL = YES;
				CLANG_ANALYZER_NUMBER_OBJECT_CONVERSION = YES_AGGRESSIVE;
				CLANG_CXX_LANGUAGE_STANDARD = "gnu++20";
				CLANG_ENABLE_MODULES = YES;
				CLANG_ENABLE_OBJC_ARC = YES;
				CLANG_ENABLE_OBJC_WEAK = YES;
				CLANG_WARN_BLOCK_CAPTURE_AUTORELEASING = YES;
				CLANG_WARN_BOOL_CONVERSION = YES;
				CLANG_WARN_COMMA = YES;
				CLANG_WARN_CONSTANT_CONVERSION = YES;
				CLANG_WARN_DEPRECATED_OBJC_IMPLEMENTATIONS = YES;
				CLANG_WARN_DIRECT_OBJC_ISA_USAGE = YES_ERROR;
				CLANG_WARN_DOCUMENTATION_COMMENTS = YES;
				CLANG_WARN_EMPTY_BODY = YES;
				CLANG_WARN_ENUM_CONVERSION = YES;
				CLANG_WARN_INFINITE_RECURSION = YES;
				CLANG_WARN_INT_CONVERSION = YES;
				CLANG_WARN_NON_LITERAL_NULL_CONVERSION = YES;
				CLANG_WARN_OBJC_IMPLICIT_RETAIN_SELF = YES;
				CLANG_WARN_OBJC_LITERAL_CONVERSION = YES;
				CLANG_WARN_OBJC_ROOT_CLASS = YES_ERROR;
				CLANG_WARN_QUOTED_INCLUDE_IN_FRAMEWORK_HEADER = YES;
				CLANG_WARN_RANGE_LOOP_ANALYSIS = YES;
				CLANG_WARN_STRICT_PROTOTYPES = YES;
				CLANG_WARN_SUSPICIOUS_MOVE = YES;
				CLANG_WARN_UNGUARDED_AVAILABILITY = YES_AGGRESSIVE;
				CLANG_WARN_UNREACHABLE_CODE = YES;
				CLANG_WARN__DUPLICATE_METHOD_MATCH = YES;
				COPY_PHASE_STRIP = NO;
				DEBUG_INFORMATION_FORMAT = dwarf;
				DEVELOPMENT_TEAM = X3MYNPLVQY;
				ENABLE_STRICT_OBJC_MSGSEND = YES;
				ENABLE_TESTABILITY = YES;
				ENABLE_USER_SCRIPT_SANDBOXING = YES;
				GCC_C_LANGUAGE_STANDARD = gnu17;
				GCC_DYNAMIC_NO_PIC = NO;
				GCC_NO_COMMON_BLOCKS = YES;
				GCC_OPTIMIZATION_LEVEL = 0;
				GCC_PREPROCESSOR_DEFINITIONS = (
					"DEBUG=1",
					"$(inherited)",
				);
				GCC_WARN_64_TO_32_BIT_CONVERSION = YES;
				GCC_WARN_ABOUT_RETURN_TYPE = YES_ERROR;
				GCC_WARN_UNDECLARED_SELECTOR = YES;
				GCC_WARN_UNINITIALIZED_AUTOS = YES_AGGRESSIVE;
				GCC_WARN_UNUSED_FUNCTION = YES;
				GCC_WARN_UNUSED_VARIABLE = YES;
				IPHONEOS_DEPLOYMENT_TARGET = 26.0;
				LOCALIZATION_PREFERS_STRING_CATALOGS = YES;
				MTL_ENABLE_DEBUG_INFO = INCLUDE_SOURCE;
				MTL_FAST_MATH = YES;
				ONLY_ACTIVE_ARCH = YES;
				SDKROOT = iphoneos;
				SWIFT_ACTIVE_COMPILATION_CONDITIONS = "DEBUG $(inherited)";
				SWIFT_OPTIMIZATION_LEVEL = "-Onone";
			};
			name = Debug;
		};
		2F51821A2E5772090045EB4A /* Release */ = {
			isa = XCBuildConfiguration;
			buildSettings = {
				ALWAYS_SEARCH_USER_PATHS = NO;
				ASSETCATALOG_COMPILER_GENERATE_SWIFT_ASSET_SYMBOL_EXTENSIONS = YES;
				CLANG_ANALYZER_NONNULL = YES;
				CLANG_ANALYZER_NUMBER_OBJECT_CONVERSION = YES_AGGRESSIVE;
				CLANG_CXX_LANGUAGE_STANDARD = "gnu++20";
				CLANG_ENABLE_MODULES = YES;
				CLANG_ENABLE_OBJC_ARC = YES;
				CLANG_ENABLE_OBJC_WEAK = YES;
				CLANG_WARN_BLOCK_CAPTURE_AUTORELEASING = YES;
				CLANG_WARN_BOOL_CONVERSION = YES;
				CLANG_WARN_COMMA = YES;
				CLANG_WARN_CONSTANT_CONVERSION = YES;
				CLANG_WARN_DEPRECATED_OBJC_IMPLEMENTATIONS = YES;
				CLANG_WARN_DIRECT_OBJC_ISA_USAGE = YES_ERROR;
				CLANG_WARN_DOCUMENTATION_COMMENTS = YES;
				CLANG_WARN_EMPTY_BODY = YES;
				CLANG_WARN_ENUM_CONVERSION = YES;
				CLANG_WARN_INFINITE_RECURSION = YES;
				CLANG_WARN_INT_CONVERSION = YES;
				CLANG_WARN_NON_LITERAL_NULL_CONVERSION = YES;
				CLANG_WARN_OBJC_IMPLICIT_RETAIN_SELF = YES;
				CLANG_WARN_OBJC_LITERAL_CONVERSION = YES;
				CLANG_WARN_OBJC_ROOT_CLASS = YES_ERROR;
				CLANG_WARN_QUOTED_INCLUDE_IN_FRAMEWORK_HEADER = YES;
				CLANG_WARN_RANGE_LOOP_ANALYSIS = YES;
				CLANG_WARN_STRICT_PROTOTYPES = YES;
				CLANG_WARN_SUSPICIOUS_MOVE = YES;
				CLANG_WARN_UNGUARDED_AVAILABILITY = YES_AGGRESSIVE;
				CLANG_WARN_UNREACHABLE_CODE = YES;
				CLANG_WARN__DUPLICATE_METHOD_MATCH = YES;
				COPY_PHASE_STRIP = NO;
				DEBUG_INFORMATION_FORMAT = "dwarf-with-dsym";
				DEVELOPMENT_TEAM = X3MYNPLVQY;
				ENABLE_NS_ASSERTIONS = NO;
				ENABLE_STRICT_OBJC_MSGSEND = YES;
				ENABLE_USER_SCRIPT_SANDBOXING = YES;
				GCC_C_LANGUAGE_STANDARD = gnu17;
				GCC_NO_COMMON_BLOCKS = YES;
				GCC_WARN_64_TO_32_BIT_CONVERSION = YES;
				GCC_WARN_ABOUT_RETURN_TYPE = YES_ERROR;
				GCC_WARN_UNDECLARED_SELECTOR = YES;
				GCC_WARN_UNINITIALIZED_AUTOS = YES_AGGRESSIVE;
				GCC_WARN_UNUSED_FUNCTION = YES;
				GCC_WARN_UNUSED_VARIABLE = YES;
				IPHONEOS_DEPLOYMENT_TARGET = 26.0;
				LOCALIZATION_PREFERS_STRING_CATALOGS = YES;
				MTL_ENABLE_DEBUG_INFO = NO;
				MTL_FAST_MATH = YES;
				SDKROOT = iphoneos;
				SWIFT_COMPILATION_MODE = wholemodule;
				VALIDATE_PRODUCT = YES;
			};
			name = Release;
		};
		2F51821C2E5772090045EB4A /* Debug */ = {
			isa = XCBuildConfiguration;
			buildSettings = {
				ASSETCATALOG_COMPILER_APPICON_NAME = AppIcon;
				ASSETCATALOG_COMPILER_GLOBAL_ACCENT_COLOR_NAME = AccentColor;
				CODE_SIGN_STYLE = Automatic;
				CURRENT_PROJECT_VERSION = 1;
				DEVELOPMENT_TEAM = X3MYNPLVQY;
				ENABLE_PREVIEWS = YES;
				GENERATE_INFOPLIST_FILE = YES;
				INFOPLIST_KEY_LSApplicationCategoryType = "public.app-category.puzzle-games";
				INFOPLIST_KEY_UIApplicationSceneManifest_Generation = YES;
				INFOPLIST_KEY_UIApplicationSupportsIndirectInputEvents = YES;
				INFOPLIST_KEY_UILaunchScreen_Generation = YES;
				INFOPLIST_KEY_UISupportedInterfaceOrientations = UIInterfaceOrientationPortrait;
				INFOPLIST_KEY_UISupportedInterfaceOrientations_iPad = "UIInterfaceOrientationLandscapeLeft UIInterfaceOrientationLandscapeRight UIInterfaceOrientationPortrait UIInterfaceOrientationPortraitUpsideDown";
				LD_RUNPATH_SEARCH_PATHS = (
					"$(inherited)",
					"@executable_path/Frameworks",
				);
				MARKETING_VERSION = 1.0;
				PRODUCT_BUNDLE_IDENTIFIER = me.jesse.sheehan.MineSeeker;
				PRODUCT_NAME = "$(TARGET_NAME)";
				STRING_CATALOG_GENERATE_SYMBOLS = YES;
				SWIFT_APPROACHABLE_CONCURRENCY = YES;
				SWIFT_DEFAULT_ACTOR_ISOLATION = MainActor;
				SWIFT_EMIT_LOC_STRINGS = YES;
				SWIFT_UPCOMING_FEATURE_MEMBER_IMPORT_VISIBILITY = YES;
				SWIFT_VERSION = 5.0;
				TARGETED_DEVICE_FAMILY = "1,2";
			};
			name = Debug;
		};
		2F51821D2E5772090045EB4A /* Release */ = {
			isa = XCBuildConfiguration;
			buildSettings = {
				ASSETCATALOG_COMPILER_APPICON_NAME = AppIcon;
				ASSETCATALOG_COMPILER_GLOBAL_ACCENT_COLOR_NAME = AccentColor;
				CODE_SIGN_STYLE = Automatic;
				CURRENT_PROJECT_VERSION = 1;
				DEVELOPMENT_TEAM = X3MYNPLVQY;
				ENABLE_PREVIEWS = YES;
				GENERATE_INFOPLIST_FILE = YES;
				INFOPLIST_KEY_LSApplicationCategoryType = "public.app-category.puzzle-games";
				INFOPLIST_KEY_UIApplicationSceneManifest_Generation = YES;
				INFOPLIST_KEY_UIApplicationSupportsIndirectInputEvents = YES;
				INFOPLIST_KEY_UILaunchScreen_Generation = YES;
				INFOPLIST_KEY_UISupportedInterfaceOrientations = UIInterfaceOrientationPortrait;
				INFOPLIST_KEY_UISupportedInterfaceOrientations_iPad = "UIInterfaceOrientationLandscapeLeft UIInterfaceOrientationLandscapeRight UIInterfaceOrientationPortrait UIInterfaceOrientationPortraitUpsideDown";
				LD_RUNPATH_SEARCH_PATHS = (
					"$(inherited)",
					"@executable_path/Frameworks",
				);
				MARKETING_VERSION = 1.0;
				PRODUCT_BUNDLE_IDENTIFIER = me.jesse.sheehan.MineSeeker;
				PRODUCT_NAME = "$(TARGET_NAME)";
				STRING_CATALOG_GENERATE_SYMBOLS = YES;
				SWIFT_APPROACHABLE_CONCURRENCY = YES;
				SWIFT_DEFAULT_ACTOR_ISOLATION = MainActor;
				SWIFT_EMIT_LOC_STRINGS = YES;
				SWIFT_UPCOMING_FEATURE_MEMBER_IMPORT_VISIBILITY = YES;
				SWIFT_VERSION = 5.0;
				TARGETED_DEVICE_FAMILY = "1,2";
			};
			name = Release;
		};
/* End XCBuildConfiguration section */

/* Begin XCConfigurationList section */
		2F51820B2E5772070045EB4A /* Build configuration list for PBXProject "MineSeeker" */ = {
			isa = XCConfigurationList;
			buildConfigurations = (
				2F5182192E5772090045EB4A /* Debug */,
				2F51821A2E5772090045EB4A /* Release */,
			);
			defaultConfigurationIsVisible = 0;
			defaultConfigurationName = Release;
		};
		2F51821B2E5772090045EB4A /* Build configuration list for PBXNativeTarget "MineSeeker" */ = {
			isa = XCConfigurationList;
			buildConfigurations = (
				2F51821C2E5772090045EB4A /* Debug */,
				2F51821D2E5772090045EB4A /* Release */,
			);
			defaultConfigurationIsVisible = 0;
			defaultConfigurationName = Release;
		};
/* End XCConfigurationList section */

/* Begin XCRemoteSwiftPackageReference section */
		2F539E4C2E676281009032A3 /* XCRemoteSwiftPackageReference "Vortex" */ = {
			isa = XCRemoteSwiftPackageReference;
			repositoryURL = "https://github.com/twostraws/Vortex";
			requirement = {
				kind = upToNextMajorVersion;
				minimumVersion = 1.0.3;
			};
		};
/* End XCRemoteSwiftPackageReference section */

/* Begin XCSwiftPackageProductDependency section */
		2F539E4D2E676281009032A3 /* Vortex */ = {
			isa = XCSwiftPackageProductDependency;
			package = 2F539E4C2E676281009032A3 /* XCRemoteSwiftPackageReference "Vortex" */;
			productName = Vortex;
		};
/* End XCSwiftPackageProductDependency section */
	};
	rootObject = 2F5182082E5772070045EB4A /* Project object */;
}
